
Microsoft Visual Studio Solution File, Format Version 12.00
# Visual Studio 2013
VisualStudioVersion = 12.0.30723.0
MinimumVisualStudioVersion = 10.0.40219.1
Project("{FAE04EC0-301F-11D3-BF4B-00C04F79EFBC}") = "LojaVirtual.Dominio", "LojaVirtual.Dominio\LojaVirtual.Dominio.csproj", "{1AE04C43-79A2-4FA4-85C3-478CC15EA25E}"
EndProject
Project("{FAE04EC0-301F-11D3-BF4B-00C04F79EFBC}") = "LojaVirtual.Web", "LojaVirtual.Web\LojaVirtual.Web.csproj", "{80E154BC-1BC6-4793-826F-8B1B0812F745}"
EndProject
Project("{FAE04EC0-301F-11D3-BF4B-00C04F79EFBC}") = "LojaVirtual.UnitTest", "LojaVirtual.UnitTest\LojaVirtual.UnitTest.csproj", "{A7AB5286-F9BA-4843-B989-3AF68F0871E9}"
EndProject
Global
	GlobalSection(SolutionConfigurationPlatforms) = preSolution
		Debug|Any CPU = Debug|Any CPU
		Release|Any CPU = Release|Any CPU
	EndGlobalSection
	GlobalSection(ProjectConfigurationPlatforms) = postSolution
		{1AE04C43-79A2-4FA4-85C3-478CC15EA25E}.Debug|Any CPU.ActiveCfg = Debug|Any CPU
		{1AE04C43-79A2-4FA4-85C3-478CC15EA25E}.Debug|Any CPU.Build.0 = Debug|Any CPU
		{1AE04C43-79A2-4FA4-85C3-478CC15EA25E}.Release|Any CPU.ActiveCfg = Release|Any CPU
		{1AE04C43-79A2-4FA4-85C3-478CC15EA25E}.Release|Any CPU.Build.0 = Release|Any CPU
		{80E154BC-1BC6-4793-826F-8B1B0812F745}.Debug|Any CPU.ActiveCfg = Debug|Any CPU
		{80E154BC-1BC6-4793-826F-8B1B0812F745}.Debug|Any CPU.Build.0 = Debug|Any CPU
		{80E154BC-1BC6-4793-826F-8B1B0812F745}.Release|Any CPU.ActiveCfg = Release|Any CPU
		{80E154BC-1BC6-4793-826F-8B1B0812F745}.Release|Any CPU.Build.0 = Release|Any CPU
		{A7AB5286-F9BA-4843-B989-3AF68F0871E9}.Debug|Any CPU.ActiveCfg = Debug|Any CPU
		{A7AB5286-F9BA-4843-B989-3AF68F0871E9}.Debug|Any CPU.Build.0 = Debug|Any CPU
		{A7AB5286-F9BA-4843-B989-3AF68F0871E9}.Release|Any CPU.ActiveCfg = Release|Any CPU
		{A7AB5286-F9BA-4843-B989-3AF68F0871E9}.Release|Any CPU.Build.0 = Release|Any CPU
	EndGlobalSection
	GlobalSection(SolutionProperties) = preSolution
		HideSolutionNode = FALSE
	EndGlobalSection
EndGlobal
